// !$*UTF8*$!
{
	archiveVersion = 1;
	classes = {
	};
	objectVersion = 50;
	objects = {

/* Begin PBXBuildFile section */
		95637A0620E40AEC005F1F39 /* AppDelegate.swift in Sources */ = {isa = PBXBuildFile; fileRef = 95637A0520E40AEC005F1F39 /* AppDelegate.swift */; };
		95637A0820E40AEC005F1F39 /* ViewController.swift in Sources */ = {isa = PBXBuildFile; fileRef = 95637A0720E40AEC005F1F39 /* ViewController.swift */; };
		95637A0B20E40AEC005F1F39 /* Main.storyboard in Resources */ = {isa = PBXBuildFile; fileRef = 95637A0920E40AEC005F1F39 /* Main.storyboard */; };
		95637A0D20E40AED005F1F39 /* Assets.xcassets in Resources */ = {isa = PBXBuildFile; fileRef = 95637A0C20E40AED005F1F39 /* Assets.xcassets */; };
		95637A1020E40AED005F1F39 /* LaunchScreen.storyboard in Resources */ = {isa = PBXBuildFile; fileRef = 95637A0E20E40AED005F1F39 /* LaunchScreen.storyboard */; };
		95637A1B20E40AED005F1F39 /* HelloWorld_XcodeProject1Tests.swift in Sources */ = {isa = PBXBuildFile; fileRef = 95637A1A20E40AED005F1F39 /* HelloWorld_XcodeProject1Tests.swift */; };
		95637A2620E40AED005F1F39 /* HelloWorld_XcodeProject1UITests.swift in Sources */ = {isa = PBXBuildFile; fileRef = 95637A2520E40AED005F1F39 /* HelloWorld_XcodeProject1UITests.swift */; };
		95637A3620E41274005F1F39 /* expedialogo.jpeg in Resources */ = {isa = PBXBuildFile; fileRef = 95637A3520E41274005F1F39 /* expedialogo.jpeg */; };
/* End PBXBuildFile section */

/* Begin PBXContainerItemProxy section */
		95637A1720E40AED005F1F39 /* PBXContainerItemProxy */ = {
			isa = PBXContainerItemProxy;
			containerPortal = 956379FA20E40AEC005F1F39 /* Project object */;
			proxyType = 1;
			remoteGlobalIDString = 95637A0120E40AEC005F1F39;
			remoteInfo = HelloWorld_XcodeProject1;
		};
		95637A2220E40AED005F1F39 /* PBXContainerItemProxy */ = {
			isa = PBXContainerItemProxy;
			containerPortal = 956379FA20E40AEC005F1F39 /* Project object */;
			proxyType = 1;
			remoteGlobalIDString = 95637A0120E40AEC005F1F39;
			remoteInfo = HelloWorld_XcodeProject1;
		};
/* End PBXContainerItemProxy section */

/* Begin PBXFileReference section */
		95637A0220E40AEC005F1F39 /* HelloWorld_XcodeProject1.app */ = {isa = PBXFileReference; explicitFileType = wrapper.application; includeInIndex = 0; path = HelloWorld_XcodeProject1.app; sourceTree = BUILT_PRODUCTS_DIR; };
		95637A0520E40AEC005F1F39 /* AppDelegate.swift */ = {isa = PBXFileReference; lastKnownFileType = sourcecode.swift; path = AppDelegate.swift; sourceTree = "<group>"; };
		95637A0720E40AEC005F1F39 /* ViewController.swift */ = {isa = PBXFileReference; lastKnownFileType = sourcecode.swift; path = ViewController.swift; sourceTree = "<group>"; };
		95637A0A20E40AEC005F1F39 /* Base */ = {isa = PBXFileReference; lastKnownFileType = file.storyboard; name = Base; path = Base.lproj/Main.storyboard; sourceTree = "<group>"; };
		95637A0C20E40AED005F1F39 /* Assets.xcassets */ = {isa = PBXFileReference; lastKnownFileType = folder.assetcatalog; path = Assets.xcassets; sourceTree = "<group>"; };
		95637A0F20E40AED005F1F39 /* Base */ = {isa = PBXFileReference; lastKnownFileType = file.storyboard; name = Base; path = Base.lproj/LaunchScreen.storyboard; sourceTree = "<group>"; };
		95637A1120E40AED005F1F39 /* Info.plist */ = {isa = PBXFileReference; lastKnownFileType = text.plist.xml; path = Info.plist; sourceTree = "<group>"; };
		95637A1620E40AED005F1F39 /* HelloWorld_XcodeProject1Tests.xctest */ = {isa = PBXFileReference; explicitFileType = wrapper.cfbundle; includeInIndex = 0; path = HelloWorld_XcodeProject1Tests.xctest; sourceTree = BUILT_PRODUCTS_DIR; };
		95637A1A20E40AED005F1F39 /* HelloWorld_XcodeProject1Tests.swift */ = {isa = PBXFileReference; lastKnownFileType = sourcecode.swift; path = HelloWorld_XcodeProject1Tests.swift; sourceTree = "<group>"; };
		95637A1C20E40AED005F1F39 /* Info.plist */ = {isa = PBXFileReference; lastKnownFileType = text.plist.xml; path = Info.plist; sourceTree = "<group>"; };
		95637A2120E40AED005F1F39 /* HelloWorld_XcodeProject1UITests.xctest */ = {isa = PBXFileReference; explicitFileType = wrapper.cfbundle; includeInIndex = 0; path = HelloWorld_XcodeProject1UITests.xctest; sourceTree = BUILT_PRODUCTS_DIR; };
		95637A2520E40AED005F1F39 /* HelloWorld_XcodeProject1UITests.swift */ = {isa = PBXFileReference; lastKnownFileType = sourcecode.swift; path = HelloWorld_XcodeProject1UITests.swift; sourceTree = "<group>"; };
		95637A2720E40AED005F1F39 /* Info.plist */ = {isa = PBXFileReference; lastKnownFileType = text.plist.xml; path = Info.plist; sourceTree = "<group>"; };
		95637A3520E41274005F1F39 /* expedialogo.jpeg */ = {isa = PBXFileReference; lastKnownFileType = image.jpeg; name = expedialogo.jpeg; path = ../../../Downloads/expedialogo.jpeg; sourceTree = "<group>"; };
/* End PBXFileReference section */

/* Begin PBXFrameworksBuildPhase section */
		956379FF20E40AEC005F1F39 /* Frameworks */ = {
			isa = PBXFrameworksBuildPhase;
			buildActionMask = 2147483647;
			files = (
			);
			runOnlyForDeploymentPostprocessing = 0;
		};
		95637A1320E40AED005F1F39 /* Frameworks */ = {
			isa = PBXFrameworksBuildPhase;
			buildActionMask = 2147483647;
			files = (
			);
			runOnlyForDeploymentPostprocessing = 0;
		};
		95637A1E20E40AED005F1F39 /* Frameworks */ = {
			isa = PBXFrameworksBuildPhase;
			buildActionMask = 2147483647;
			files = (
			);
			runOnlyForDeploymentPostprocessing = 0;
		};
/* End PBXFrameworksBuildPhase section */

/* Begin PBXGroup section */
		956379F920E40AEC005F1F39 = {
			isa = PBXGroup;
			children = (
				95637A0420E40AEC005F1F39 /* HelloWorld_XcodeProject1 */,
				95637A1920E40AED005F1F39 /* HelloWorld_XcodeProject1Tests */,
				95637A2420E40AED005F1F39 /* HelloWorld_XcodeProject1UITests */,
				95637A0320E40AEC005F1F39 /* Products */,
			);
			sourceTree = "<group>";
		};
		95637A0320E40AEC005F1F39 /* Products */ = {
			isa = PBXGroup;
			children = (
				95637A0220E40AEC005F1F39 /* HelloWorld_XcodeProject1.app */,
				95637A1620E40AED005F1F39 /* HelloWorld_XcodeProject1Tests.xctest */,
				95637A2120E40AED005F1F39 /* HelloWorld_XcodeProject1UITests.xctest */,
			);
			name = Products;
			sourceTree = "<group>";
		};
		95637A0420E40AEC005F1F39 /* HelloWorld_XcodeProject1 */ = {
			isa = PBXGroup;
			children = (
				95637A0520E40AEC005F1F39 /* AppDelegate.swift */,
				95637A0720E40AEC005F1F39 /* ViewController.swift */,
				95637A0920E40AEC005F1F39 /* Main.storyboard */,
				95637A3520E41274005F1F39 /* expedialogo.jpeg */,
				95637A0C20E40AED005F1F39 /* Assets.xcassets */,
				95637A0E20E40AED005F1F39 /* LaunchScreen.storyboard */,
				95637A1120E40AED005F1F39 /* Info.plist */,
			);
			path = HelloWorld_XcodeProject1;
			sourceTree = "<group>";
		};
		95637A1920E40AED005F1F39 /* HelloWorld_XcodeProject1Tests */ = {
			isa = PBXGroup;
			children = (
				95637A1A20E40AED005F1F39 /* HelloWorld_XcodeProject1Tests.swift */,
				95637A1C20E40AED005F1F39 /* Info.plist */,
			);
			path = HelloWorld_XcodeProject1Tests;
			sourceTree = "<group>";
		};
		95637A2420E40AED005F1F39 /* HelloWorld_XcodeProject1UITests */ = {
			isa = PBXGroup;
			children = (
				95637A2520E40AED005F1F39 /* HelloWorld_XcodeProject1UITests.swift */,
				95637A2720E40AED005F1F39 /* Info.plist */,
			);
			path = HelloWorld_XcodeProject1UITests;
			sourceTree = "<group>";
		};
/* End PBXGroup section */

/* Begin PBXNativeTarget section */
		95637A0120E40AEC005F1F39 /* HelloWorld_XcodeProject1 */ = {
			isa = PBXNativeTarget;
			buildConfigurationList = 95637A2A20E40AED005F1F39 /* Build configuration list for PBXNativeTarget "HelloWorld_XcodeProject1" */;
			buildPhases = (
				956379FE20E40AEC005F1F39 /* Sources */,
				956379FF20E40AEC005F1F39 /* Frameworks */,
				95637A0020E40AEC005F1F39 /* Resources */,
			);
			buildRules = (
			);
			dependencies = (
			);
			name = HelloWorld_XcodeProject1;
			productName = HelloWorld_XcodeProject1;
			productReference = 95637A0220E40AEC005F1F39 /* HelloWorld_XcodeProject1.app */;
			productType = "com.apple.product-type.application";
		};
		95637A1520E40AED005F1F39 /* HelloWorld_XcodeProject1Tests */ = {
			isa = PBXNativeTarget;
			buildConfigurationList = 95637A2D20E40AED005F1F39 /* Build configuration list for PBXNativeTarget "HelloWorld_XcodeProject1Tests" */;
			buildPhases = (
				95637A1220E40AED005F1F39 /* Sources */,
				95637A1320E40AED005F1F39 /* Frameworks */,
				95637A1420E40AED005F1F39 /* Resources */,
			);
			buildRules = (
			);
			dependencies = (
				95637A1820E40AED005F1F39 /* PBXTargetDependency */,
			);
			name = HelloWorld_XcodeProject1Tests;
			productName = HelloWorld_XcodeProject1Tests;
			productReference = 95637A1620E40AED005F1F39 /* HelloWorld_XcodeProject1Tests.xctest */;
			productType = "com.apple.product-type.bundle.unit-test";
		};
		95637A2020E40AED005F1F39 /* HelloWorld_XcodeProject1UITests */ = {
			isa = PBXNativeTarget;
			buildConfigurationList = 95637A3020E40AED005F1F39 /* Build configuration list for PBXNativeTarget "HelloWorld_XcodeProject1UITests" */;
			buildPhases = (
				95637A1D20E40AED005F1F39 /* Sources */,
				95637A1E20E40AED005F1F39 /* Frameworks */,
				95637A1F20E40AED005F1F39 /* Resources */,
			);
			buildRules = (
			);
			dependencies = (
				95637A2320E40AED005F1F39 /* PBXTargetDependency */,
			);
			name = HelloWorld_XcodeProject1UITests;
			productName = HelloWorld_XcodeProject1UITests;
			productReference = 95637A2120E40AED005F1F39 /* HelloWorld_XcodeProject1UITests.xctest */;
			productType = "com.apple.product-type.bundle.ui-testing";
		};
/* End PBXNativeTarget section */

/* Begin PBXProject section */
		956379FA20E40AEC005F1F39 /* Project object */ = {
			isa = PBXProject;
			attributes = {
				LastSwiftUpdateCheck = 0940;
				LastUpgradeCheck = 0940;
				ORGANIZATIONNAME = "Briana Berger";
				TargetAttributes = {
					95637A0120E40AEC005F1F39 = {
						CreatedOnToolsVersion = 9.4.1;
					};
					95637A1520E40AED005F1F39 = {
						CreatedOnToolsVersion = 9.4.1;
						TestTargetID = 95637A0120E40AEC005F1F39;
					};
					95637A2020E40AED005F1F39 = {
						CreatedOnToolsVersion = 9.4.1;
						TestTargetID = 95637A0120E40AEC005F1F39;
					};
				};
			};
			buildConfigurationList = 956379FD20E40AEC005F1F39 /* Build configuration list for PBXProject "HelloWorld_XcodeProject1" */;
			compatibilityVersion = "Xcode 9.3";
			developmentRegion = en;
			hasScannedForEncodings = 0;
			knownRegions = (
				en,
				Base,
			);
			mainGroup = 956379F920E40AEC005F1F39;
			productRefGroup = 95637A0320E40AEC005F1F39 /* Products */;
			projectDirPath = "";
			projectRoot = "";
			targets = (
				95637A0120E40AEC005F1F39 /* HelloWorld_XcodeProject1 */,
				95637A1520E40AED005F1F39 /* HelloWorld_XcodeProject1Tests */,
				95637A2020E40AED005F1F39 /* HelloWorld_XcodeProject1UITests */,
			);
		};
/* End PBXProject section */

/* Begin PBXResourcesBuildPhase section */
		95637A0020E40AEC005F1F39 /* Resources */ = {
			isa = PBXResourcesBuildPhase;
			buildActionMask = 2147483647;
			files = (
				95637A1020E40AED005F1F39 /* LaunchScreen.storyboard in Resources */,
				95637A3620E41274005F1F39 /* expedialogo.jpeg in Resources */,
				95637A0D20E40AED005F1F39 /* Assets.xcassets in Resources */,
				95637A0B20E40AEC005F1F39 /* Main.storyboard in Resources */,
			);
			runOnlyForDeploymentPostprocessing = 0;
		};
		95637A1420E40AED005F1F39 /* Resources */ = {
			isa = PBXResourcesBuildPhase;
			buildActionMask = 2147483647;
			files = (
			);
			runOnlyForDeploymentPostprocessing = 0;
		};
		95637A1F20E40AED005F1F39 /* Resources */ = {
			isa = PBXResourcesBuildPhase;
			buildActionMask = 2147483647;
			files = (
			);
			runOnlyForDeploymentPostprocessing = 0;
		};
/* End PBXResourcesBuildPhase section */

/* Begin PBXSourcesBuildPhase section */
		956379FE20E40AEC005F1F39 /* Sources */ = {
			isa = PBXSourcesBuildPhase;
			buildActionMask = 2147483647;
			files = (
				95637A0820E40AEC005F1F39 /* ViewController.swift in Sources */,
				95637A0620E40AEC005F1F39 /* AppDelegate.swift in Sources */,
			);
			runOnlyForDeploymentPostprocessing = 0;
		};
		95637A1220E40AED005F1F39 /* Sources */ = {
			isa = PBXSourcesBuildPhase;
			buildActionMask = 2147483647;
			files = (
				95637A1B20E40AED005F1F39 /* HelloWorld_XcodeProject1Tests.swift in Sources */,
			);
			runOnlyForDeploymentPostprocessing = 0;
		};
		95637A1D20E40AED005F1F39 /* Sources */ = {
			isa = PBXSourcesBuildPhase;
			buildActionMask = 2147483647;
			files = (
				95637A2620E40AED005F1F39 /* HelloWorld_XcodeProject1UITests.swift in Sources */,
			);
			runOnlyForDeploymentPostprocessing = 0;
		};
/* End PBXSourcesBuildPhase section */

/* Begin PBXTargetDependency section */
		95637A1820E40AED005F1F39 /* PBXTargetDependency */ = {
			isa = PBXTargetDependency;
			target = 95637A0120E40AEC005F1F39 /* HelloWorld_XcodeProject1 */;
			targetProxy = 95637A1720E40AED005F1F39 /* PBXContainerItemProxy */;
		};
		95637A2320E40AED005F1F39 /* PBXTargetDependency */ = {
			isa = PBXTargetDependency;
			target = 95637A0120E40AEC005F1F39 /* HelloWorld_XcodeProject1 */;
			targetProxy = 95637A2220E40AED005F1F39 /* PBXContainerItemProxy */;
		};
/* End PBXTargetDependency section */

/* Begin PBXVariantGroup section */
		95637A0920E40AEC005F1F39 /* Main.storyboard */ = {
			isa = PBXVariantGroup;
			children = (
				95637A0A20E40AEC005F1F39 /* Base */,
			);
			name = Main.storyboard;
			sourceTree = "<group>";
		};
		95637A0E20E40AED005F1F39 /* LaunchScreen.storyboard */ = {
			isa = PBXVariantGroup;
			children = (
				95637A0F20E40AED005F1F39 /* Base */,
			);
			name = LaunchScreen.storyboard;
			sourceTree = "<group>";
		};
/* End PBXVariantGroup section */

/* Begin XCBuildConfiguration section */
		95637A2820E40AED005F1F39 /* Debug */ = {
			isa = XCBuildConfiguration;
			buildSettings = {
				ALWAYS_SEARCH_USER_PATHS = NO;
				CLANG_ANALYZER_NONNULL = YES;
				CLANG_ANALYZER_NUMBER_OBJECT_CONVERSION = YES_AGGRESSIVE;
				CLANG_CXX_LANGUAGE_STANDARD = "gnu++14";
				CLANG_CXX_LIBRARY = "libc++";
				CLANG_ENABLE_MODULES = YES;
				CLANG_ENABLE_OBJC_ARC = YES;
				CLANG_ENABLE_OBJC_WEAK = YES;
				CLANG_WARN_BLOCK_CAPTURE_AUTORELEASING = YES;
				CLANG_WARN_BOOL_CONVERSION = YES;
				CLANG_WARN_COMMA = YES;
				CLANG_WARN_CONSTANT_CONVERSION = YES;
				CLANG_WARN_DEPRECATED_OBJC_IMPLEMENTATIONS = YES;
				CLANG_WARN_DIRECT_OBJC_ISA_USAGE = YES_ERROR;
				CLANG_WARN_DOCUMENTATION_COMMENTS = YES;
				CLANG_WARN_EMPTY_BODY = YES;
				CLANG_WARN_ENUM_CONVERSION = YES;
				CLANG_WARN_INFINITE_RECURSION = YES;
				CLANG_WARN_INT_CONVERSION = YES;
				CLANG_WARN_NON_LITERAL_NULL_CONVERSION = YES;
				CLANG_WARN_OBJC_IMPLICIT_RETAIN_SELF = YES;
				CLANG_WARN_OBJC_LITERAL_CONVERSION = YES;
				CLANG_WARN_OBJC_ROOT_CLASS = YES_ERROR;
				CLANG_WARN_RANGE_LOOP_ANALYSIS = YES;
				CLANG_WARN_STRICT_PROTOTYPES = YES;
				CLANG_WARN_SUSPICIOUS_MOVE = YES;
				CLANG_WARN_UNGUARDED_AVAILABILITY = YES_AGGRESSIVE;
				CLANG_WARN_UNREACHABLE_CODE = YES;
				CLANG_WARN__DUPLICATE_METHOD_MATCH = YES;
				CODE_SIGN_IDENTITY = "iPhone Developer";
				COPY_PHASE_STRIP = NO;
				DEBUG_INFORMATION_FORMAT = dwarf;
				ENABLE_STRICT_OBJC_MSGSEND = YES;
				ENABLE_TESTABILITY = YES;
				GCC_C_LANGUAGE_STANDARD = gnu11;
				GCC_DYNAMIC_NO_PIC = NO;
				GCC_NO_COMMON_BLOCKS = YES;
				GCC_OPTIMIZATION_LEVEL = 0;
				GCC_PREPROCESSOR_DEFINITIONS = (
					"DEBUG=1",
					"$(inherited)",
				);
				GCC_WARN_64_TO_32_BIT_CONVERSION = YES;
				GCC_WARN_ABOUT_RETURN_TYPE = YES_ERROR;
				GCC_WARN_UNDECLARED_SELECTOR = YES;
				GCC_WARN_UNINITIALIZED_AUTOS = YES_AGGRESSIVE;
				GCC_WARN_UNUSED_FUNCTION = YES;
				GCC_WARN_UNUSED_VARIABLE = YES;
				IPHONEOS_DEPLOYMENT_TARGET = 11.4;
				MTL_ENABLE_DEBUG_INFO = YES;
				ONLY_ACTIVE_ARCH = YES;
				SDKROOT = iphoneos;
				SWIFT_ACTIVE_COMPILATION_CONDITIONS = DEBUG;
				SWIFT_OPTIMIZATION_LEVEL = "-Onone";
			};
			name = Debug;
		};
		95637A2920E40AED005F1F39 /* Release */ = {
			isa = XCBuildConfiguration;
			buildSettings = {
				ALWAYS_SEARCH_USER_PATHS = NO;
				CLANG_ANALYZER_NONNULL = YES;
				CLANG_ANALYZER_NUMBER_OBJECT_CONVERSION = YES_AGGRESSIVE;
				CLANG_CXX_LANGUAGE_STANDARD = "gnu++14";
				CLANG_CXX_LIBRARY = "libc++";
				CLANG_ENABLE_MODULES = YES;
				CLANG_ENABLE_OBJC_ARC = YES;
				CLANG_ENABLE_OBJC_WEAK = YES;
				CLANG_WARN_BLOCK_CAPTURE_AUTORELEASING = YES;
				CLANG_WARN_BOOL_CONVERSION = YES;
				CLANG_WARN_COMMA = YES;
				CLANG_WARN_CONSTANT_CONVERSION = YES;
				CLANG_WARN_DEPRECATED_OBJC_IMPLEMENTATIONS = YES;
				CLANG_WARN_DIRECT_OBJC_ISA_USAGE = YES_ERROR;
				CLANG_WARN_DOCUMENTATION_COMMENTS = YES;
				CLANG_WARN_EMPTY_BODY = YES;
				CLANG_WARN_ENUM_CONVERSION = YES;
				CLANG_WARN_INFINITE_RECURSION = YES;
				CLANG_WARN_INT_CONVERSION = YES;
				CLANG_WARN_NON_LITERAL_NULL_CONVERSION = YES;
				CLANG_WARN_OBJC_IMPLICIT_RETAIN_SELF = YES;
				CLANG_WARN_OBJC_LITERAL_CONVERSION = YES;
				CLANG_WARN_OBJC_ROOT_CLASS = YES_ERROR;
				CLANG_WARN_RANGE_LOOP_ANALYSIS = YES;
				CLANG_WARN_STRICT_PROTOTYPES = YES;
				CLANG_WARN_SUSPICIOUS_MOVE = YES;
				CLANG_WARN_UNGUARDED_AVAILABILITY = YES_AGGRESSIVE;
				CLANG_WARN_UNREACHABLE_CODE = YES;
				CLANG_WARN__DUPLICATE_METHOD_MATCH = YES;
				CODE_SIGN_IDENTITY = "iPhone Developer";
				COPY_PHASE_STRIP = NO;
				DEBUG_INFORMATION_FORMAT = "dwarf-with-dsym";
				ENABLE_NS_ASSERTIONS = NO;
				ENABLE_STRICT_OBJC_MSGSEND = YES;
				GCC_C_LANGUAGE_STANDARD = gnu11;
				GCC_NO_COMMON_BLOCKS = YES;
				GCC_WARN_64_TO_32_BIT_CONVERSION = YES;
				GCC_WARN_ABOUT_RETURN_TYPE = YES_ERROR;
				GCC_WARN_UNDECLARED_SELECTOR = YES;
				GCC_WARN_UNINITIALIZED_AUTOS = YES_AGGRESSIVE;
				GCC_WARN_UNUSED_FUNCTION = YES;
				GCC_WARN_UNUSED_VARIABLE = YES;
				IPHONEOS_DEPLOYMENT_TARGET = 11.4;
				MTL_ENABLE_DEBUG_INFO = NO;
				SDKROOT = iphoneos;
				SWIFT_COMPILATION_MODE = wholemodule;
				SWIFT_OPTIMIZATION_LEVEL = "-O";
				VALIDATE_PRODUCT = YES;
			};
			name = Release;
		};
		95637A2B20E40AED005F1F39 /* Debug */ = {
			isa = XCBuildConfiguration;
			buildSettings = {
				ASSETCATALOG_COMPILER_APPICON_NAME = AppIcon;
				CODE_SIGN_STYLE = Automatic;
				INFOPLIST_FILE = HelloWorld_XcodeProject1/Info.plist;
				LD_RUNPATH_SEARCH_PATHS = (
					"$(inherited)",
					"@executable_path/Frameworks",
				);
				PRODUCT_BUNDLE_IDENTIFIER = "com.expedia.playground.HelloWorld-XcodeProject1";
				PRODUCT_NAME = "$(TARGET_NAME)";
				SWIFT_VERSION = 4.0;
				TARGETED_DEVICE_FAMILY = "1,2";
			};
			name = Debug;
		};
		95637A2C20E40AED005F1F39 /* Release */ = {
			isa = XCBuildConfiguration;
			buildSettings = {
				ASSETCATALOG_COMPILER_APPICON_NAME = AppIcon;
				CODE_SIGN_STYLE = Automatic;
				INFOPLIST_FILE = HelloWorld_XcodeProject1/Info.plist;
				LD_RUNPATH_SEARCH_PATHS = (
					"$(inherited)",
					"@executable_path/Frameworks",
				);
				PRODUCT_BUNDLE_IDENTIFIER = "com.expedia.playground.HelloWorld-XcodeProject1";
				PRODUCT_NAME = "$(TARGET_NAME)";
				SWIFT_VERSION = 4.0;
				TARGETED_DEVICE_FAMILY = "1,2";
			};
			name = Release;
		};
		95637A2E20E40AED005F1F39 /* Debug */ = {
			isa = XCBuildConfiguration;
			buildSettings = {
				ALWAYS_EMBED_SWIFT_STANDARD_LIBRARIES = YES;
				BUNDLE_LOADER = "$(TEST_HOST)";
				CODE_SIGN_STYLE = Automatic;
				INFOPLIST_FILE = HelloWorld_XcodeProject1Tests/Info.plist;
				LD_RUNPATH_SEARCH_PATHS = (
					"$(inherited)",
					"@executable_path/Frameworks",
					"@loader_path/Frameworks",
				);
				PRODUCT_BUNDLE_IDENTIFIER = "com.expedia.playground.HelloWorld-XcodeProject1Tests";
				PRODUCT_NAME = "$(TARGET_NAME)";
				SWIFT_VERSION = 4.0;
				TARGETED_DEVICE_FAMILY = "1,2";
				TEST_HOST = "$(BUILT_PRODUCTS_DIR)/HelloWorld_XcodeProject1.app/HelloWorld_XcodeProject1";
			};
			name = Debug;
		};
		95637A2F20E40AED005F1F39 /* Release */ = {
			isa = XCBuildConfiguration;
			buildSettings = {
				ALWAYS_EMBED_SWIFT_STANDARD_LIBRARIES = YES;
				BUNDLE_LOADER = "$(TEST_HOST)";
				CODE_SIGN_STYLE = Automatic;
				INFOPLIST_FILE = HelloWorld_XcodeProject1Tests/Info.plist;
				LD_RUNPATH_SEARCH_PATHS = (
					"$(inherited)",
					"@executable_path/Frameworks",
					"@loader_path/Frameworks",
				);
				PRODUCT_BUNDLE_IDENTIFIER = "com.expedia.playground.HelloWorld-XcodeProject1Tests";
				PRODUCT_NAME = "$(TARGET_NAME)";
				SWIFT_VERSION = 4.0;
				TARGETED_DEVICE_FAMILY = "1,2";
				TEST_HOST = "$(BUILT_PRODUCTS_DIR)/HelloWorld_XcodeProject1.app/HelloWorld_XcodeProject1";
			};
			name = Release;
		};
		95637A3120E40AED005F1F39 /* Debug */ = {
			isa = XCBuildConfiguration;
			buildSettings = {
				ALWAYS_EMBED_SWIFT_STANDARD_LIBRARIES = YES;
				CODE_SIGN_STYLE = Automatic;
				INFOPLIST_FILE = HelloWorld_XcodeProject1UITests/Info.plist;
				LD_RUNPATH_SEARCH_PATHS = (
					"$(inherited)",
					"@executable_path/Frameworks",
					"@loader_path/Frameworks",
				);
				PRODUCT_BUNDLE_IDENTIFIER = "com.expedia.playground.HelloWorld-XcodeProject1UITests";
				PRODUCT_NAME = "$(TARGET_NAME)";
				SWIFT_VERSION = 4.0;
				TARGETED_DEVICE_FAMILY = "1,2";
				TEST_TARGET_NAME = HelloWorld_XcodeProject1;
			};
			name = Debug;
		};
		95637A3220E40AED005F1F39 /* Release */ = {
			isa = XCBuildConfiguration;
			buildSettings = {
				ALWAYS_EMBED_SWIFT_STANDARD_LIBRARIES = YES;
				CODE_SIGN_STYLE = Automatic;
				INFOPLIST_FILE = HelloWorld_XcodeProject1UITests/Info.plist;
				LD_RUNPATH_SEARCH_PATHS = (
					"$(inherited)",
					"@executable_path/Frameworks",
					"@loader_path/Frameworks",
				);
				PRODUCT_BUNDLE_IDENTIFIER = "com.expedia.playground.HelloWorld-XcodeProject1UITests";
				PRODUCT_NAME = "$(TARGET_NAME)";
				SWIFT_VERSION = 4.0;
				TARGETED_DEVICE_FAMILY = "1,2";
				TEST_TARGET_NAME = HelloWorld_XcodeProject1;
			};
			name = Release;
		};
/* End XCBuildConfiguration section */

/* Begin XCConfigurationList section */
		956379FD20E40AEC005F1F39 /* Build configuration list for PBXProject "HelloWorld_XcodeProject1" */ = {
			isa = XCConfigurationList;
			buildConfigurations = (
				95637A2820E40AED005F1F39 /* Debug */,
				95637A2920E40AED005F1F39 /* Release */,
			);
			defaultConfigurationIsVisible = 0;
			defaultConfigurationName = Release;
		};
		95637A2A20E40AED005F1F39 /* Build configuration list for PBXNativeTarget "HelloWorld_XcodeProject1" */ = {
			isa = XCConfigurationList;
			buildConfigurations = (
				95637A2B20E40AED005F1F39 /* Debug */,
				95637A2C20E40AED005F1F39 /* Release */,
			);
			defaultConfigurationIsVisible = 0;
			defaultConfigurationName = Release;
		};
		95637A2D20E40AED005F1F39 /* Build configuration list for PBXNativeTarget "HelloWorld_XcodeProject1Tests" */ = {
			isa = XCConfigurationList;
			buildConfigurations = (
				95637A2E20E40AED005F1F39 /* Debug */,
				95637A2F20E40AED005F1F39 /* Release */,
			);
			defaultConfigurationIsVisible = 0;
			defaultConfigurationName = Release;
		};
		95637A3020E40AED005F1F39 /* Build configuration list for PBXNativeTarget "HelloWorld_XcodeProject1UITests" */ = {
			isa = XCConfigurationList;
			buildConfigurations = (
				95637A3120E40AED005F1F39 /* Debug */,
				95637A3220E40AED005F1F39 /* Release */,
			);
			defaultConfigurationIsVisible = 0;
			defaultConfigurationName = Release;
		};
/* End XCConfigurationList section */
	};
	rootObject = 956379FA20E40AEC005F1F39 /* Project object */;
}
